
Microsoft Visual Studio Solution File, Format Version 12.00
# Visual Studio Version 17
VisualStudioVersion = 17.4.33110.190
MinimumVisualStudioVersion = 10.0.40219.1
Project("{2150E333-8FDC-42A3-9474-1A3956D46DE8}") = "FrontEnd", "FrontEnd", "{3E9F9BAD-8C84-415E-B1AE-4CE28AA73809}"
EndProject
Project("{9A19103F-16F7-4668-BE54-9A1E7A4F7556}") = "Mango.Web", "Mango.Web\Mango.Web.csproj", "{E04AEEA3-54A6-4CAF-A457-5C912906EB65}"
EndProject
Project("{2150E333-8FDC-42A3-9474-1A3956D46DE8}") = "Services", "Services", "{36A6EDBA-FC42-45BC-B764-D4787CC19F2C}"
EndProject
Project("{9A19103F-16F7-4668-BE54-9A1E7A4F7556}") = "Mango.Services.ProductAPI", "Mango.Services.ProductAPI\Mango.Services.ProductAPI.csproj", "{75BD1141-726D-4086-B1F9-F6A4F90C1966}"
EndProject
Project("{9A19103F-16F7-4668-BE54-9A1E7A4F7556}") = "Mango.Services.IdentityServer", "IdentityServer\Mango.Services.IdentityServer.csproj", "{FEBF3AAA-B1D6-4D9A-8ACC-7EEBB08C8D92}"
EndProject
Project("{9A19103F-16F7-4668-BE54-9A1E7A4F7556}") = "Mango.Services.ShoppingCartAPI", "Mango.Services.ShoppingCartAPI\Mango.Services.ShoppingCartAPI.csproj", "{82E83767-0014-488D-99A4-1D42FA23232A}"
EndProject
Project("{9A19103F-16F7-4668-BE54-9A1E7A4F7556}") = "Mango.Services.CouponAPI", "Mango.Services.CouponAPI\Mango.Services.CouponAPI.csproj", "{4BBBED57-FF93-4151-B7BB-8C6DF2010ADC}"
EndProject
Project("{2150E333-8FDC-42A3-9474-1A3956D46DE8}") = "Integration", "Integration", "{959B2801-E786-4F27-A0B2-4C4168016763}"
EndProject
Project("{9A19103F-16F7-4668-BE54-9A1E7A4F7556}") = "Mango.MessageBus", "Mango.MessageBus\Mango.MessageBus.csproj", "{A5754D3D-1256-4AF3-838A-F1165FF5F84F}"
EndProject
Project("{9A19103F-16F7-4668-BE54-9A1E7A4F7556}") = "Mango.Services.OrderAPI", "Mango.Services.OrderAPI\Mango.Services.OrderAPI.csproj", "{9C94C1C8-01AA-49FC-885A-3FAFAC597FC6}"
EndProject
Project("{2150E333-8FDC-42A3-9474-1A3956D46DE8}") = "Payments", "Payments", "{6C64746A-71E4-407C-921D-7B844D5BC1A4}"
EndProject
Project("{9A19103F-16F7-4668-BE54-9A1E7A4F7556}") = "PaymentProcessor", "PaymentProcessor\PaymentProcessor.csproj", "{9571E133-1CB4-476A-BFB7-DED315288E86}"
EndProject
Project("{9A19103F-16F7-4668-BE54-9A1E7A4F7556}") = "Mango.Services.PaymentAPI", "Mango.Services.PaymentAPI\Mango.Services.PaymentAPI.csproj", "{B20497ED-3080-432E-8B55-0D20CDF813F2}"
EndProject
Project("{9A19103F-16F7-4668-BE54-9A1E7A4F7556}") = "Mango.Services.Email", "Mango.Services.Email\Mango.Services.Email.csproj", "{FE55220D-FD87-489B-8D08-6BBA6D8612BA}"
EndProject
Project("{2150E333-8FDC-42A3-9474-1A3956D46DE8}") = "Gateway", "Gateway", "{CFBEB867-A54A-43AA-8767-746DA2F17B34}"
EndProject
Project("{FAE04EC0-301F-11D3-BF4B-00C04F79EFBC}") = "Mango.Gateway.Solution", "Mango.Gateway.Solution\Mango.Gateway.Solution.csproj", "{659FB7CF-7D9D-4D40-9A7F-2B3C5A0EE4E8}"
EndProject
Global
	GlobalSection(SolutionConfigurationPlatforms) = preSolution
		Debug|Any CPU = Debug|Any CPU
		Release|Any CPU = Release|Any CPU
	EndGlobalSection
	GlobalSection(ProjectConfigurationPlatforms) = postSolution
		{E04AEEA3-54A6-4CAF-A457-5C912906EB65}.Debug|Any CPU.ActiveCfg = Debug|Any CPU
		{E04AEEA3-54A6-4CAF-A457-5C912906EB65}.Debug|Any CPU.Build.0 = Debug|Any CPU
		{E04AEEA3-54A6-4CAF-A457-5C912906EB65}.Release|Any CPU.ActiveCfg = Release|Any CPU
		{E04AEEA3-54A6-4CAF-A457-5C912906EB65}.Release|Any CPU.Build.0 = Release|Any CPU
		{75BD1141-726D-4086-B1F9-F6A4F90C1966}.Debug|Any CPU.ActiveCfg = Debug|Any CPU
		{75BD1141-726D-4086-B1F9-F6A4F90C1966}.Debug|Any CPU.Build.0 = Debug|Any CPU
		{75BD1141-726D-4086-B1F9-F6A4F90C1966}.Release|Any CPU.ActiveCfg = Release|Any CPU
		{75BD1141-726D-4086-B1F9-F6A4F90C1966}.Release|Any CPU.Build.0 = Release|Any CPU
		{FEBF3AAA-B1D6-4D9A-8ACC-7EEBB08C8D92}.Debug|Any CPU.ActiveCfg = Debug|Any CPU
		{FEBF3AAA-B1D6-4D9A-8ACC-7EEBB08C8D92}.Debug|Any CPU.Build.0 = Debug|Any CPU
		{FEBF3AAA-B1D6-4D9A-8ACC-7EEBB08C8D92}.Release|Any CPU.ActiveCfg = Release|Any CPU
		{FEBF3AAA-B1D6-4D9A-8ACC-7EEBB08C8D92}.Release|Any CPU.Build.0 = Release|Any CPU
		{82E83767-0014-488D-99A4-1D42FA23232A}.Debug|Any CPU.ActiveCfg = Debug|Any CPU
		{82E83767-0014-488D-99A4-1D42FA23232A}.Debug|Any CPU.Build.0 = Debug|Any CPU
		{82E83767-0014-488D-99A4-1D42FA23232A}.Release|Any CPU.ActiveCfg = Release|Any CPU
		{82E83767-0014-488D-99A4-1D42FA23232A}.Release|Any CPU.Build.0 = Release|Any CPU
		{4BBBED57-FF93-4151-B7BB-8C6DF2010ADC}.Debug|Any CPU.ActiveCfg = Debug|Any CPU
		{4BBBED57-FF93-4151-B7BB-8C6DF2010ADC}.Debug|Any CPU.Build.0 = Debug|Any CPU
		{4BBBED57-FF93-4151-B7BB-8C6DF2010ADC}.Release|Any CPU.ActiveCfg = Release|Any CPU
		{4BBBED57-FF93-4151-B7BB-8C6DF2010ADC}.Release|Any CPU.Build.0 = Release|Any CPU
		{A5754D3D-1256-4AF3-838A-F1165FF5F84F}.Debug|Any CPU.ActiveCfg = Debug|Any CPU
		{A5754D3D-1256-4AF3-838A-F1165FF5F84F}.Debug|Any CPU.Build.0 = Debug|Any CPU
		{A5754D3D-1256-4AF3-838A-F1165FF5F84F}.Release|Any CPU.ActiveCfg = Release|Any CPU
		{A5754D3D-1256-4AF3-838A-F1165FF5F84F}.Release|Any CPU.Build.0 = Release|Any CPU
		{9C94C1C8-01AA-49FC-885A-3FAFAC597FC6}.Debug|Any CPU.ActiveCfg = Debug|Any CPU
		{9C94C1C8-01AA-49FC-885A-3FAFAC597FC6}.Debug|Any CPU.Build.0 = Debug|Any CPU
		{9C94C1C8-01AA-49FC-885A-3FAFAC597FC6}.Release|Any CPU.ActiveCfg = Release|Any CPU
		{9C94C1C8-01AA-49FC-885A-3FAFAC597FC6}.Release|Any CPU.Build.0 = Release|Any CPU
		{9571E133-1CB4-476A-BFB7-DED315288E86}.Debug|Any CPU.ActiveCfg = Debug|Any CPU
		{9571E133-1CB4-476A-BFB7-DED315288E86}.Debug|Any CPU.Build.0 = Debug|Any CPU
		{9571E133-1CB4-476A-BFB7-DED315288E86}.Release|Any CPU.ActiveCfg = Release|Any CPU
		{9571E133-1CB4-476A-BFB7-DED315288E86}.Release|Any CPU.Build.0 = Release|Any CPU
		{B20497ED-3080-432E-8B55-0D20CDF813F2}.Debug|Any CPU.ActiveCfg = Debug|Any CPU
		{B20497ED-3080-432E-8B55-0D20CDF813F2}.Debug|Any CPU.Build.0 = Debug|Any CPU
		{B20497ED-3080-432E-8B55-0D20CDF813F2}.Release|Any CPU.ActiveCfg = Release|Any CPU
		{B20497ED-3080-432E-8B55-0D20CDF813F2}.Release|Any CPU.Build.0 = Release|Any CPU
		{FE55220D-FD87-489B-8D08-6BBA6D8612BA}.Debug|Any CPU.ActiveCfg = Debug|Any CPU
		{FE55220D-FD87-489B-8D08-6BBA6D8612BA}.Debug|Any CPU.Build.0 = Debug|Any CPU
		{FE55220D-FD87-489B-8D08-6BBA6D8612BA}.Release|Any CPU.ActiveCfg = Release|Any CPU
		{FE55220D-FD87-489B-8D08-6BBA6D8612BA}.Release|Any CPU.Build.0 = Release|Any CPU
		{659FB7CF-7D9D-4D40-9A7F-2B3C5A0EE4E8}.Debug|Any CPU.ActiveCfg = Debug|Any CPU
		{659FB7CF-7D9D-4D40-9A7F-2B3C5A0EE4E8}.Debug|Any CPU.Build.0 = Debug|Any CPU
		{659FB7CF-7D9D-4D40-9A7F-2B3C5A0EE4E8}.Release|Any CPU.ActiveCfg = Release|Any CPU
		{659FB7CF-7D9D-4D40-9A7F-2B3C5A0EE4E8}.Release|Any CPU.Build.0 = Release|Any CPU
	EndGlobalSection
	GlobalSection(SolutionProperties) = preSolution
		HideSolutionNode = FALSE
	EndGlobalSection
	GlobalSection(NestedProjects) = preSolution
		{E04AEEA3-54A6-4CAF-A457-5C912906EB65} = {3E9F9BAD-8C84-415E-B1AE-4CE28AA73809}
		{75BD1141-726D-4086-B1F9-F6A4F90C1966} = {36A6EDBA-FC42-45BC-B764-D4787CC19F2C}
		{FEBF3AAA-B1D6-4D9A-8ACC-7EEBB08C8D92} = {36A6EDBA-FC42-45BC-B764-D4787CC19F2C}
		{82E83767-0014-488D-99A4-1D42FA23232A} = {36A6EDBA-FC42-45BC-B764-D4787CC19F2C}
		{4BBBED57-FF93-4151-B7BB-8C6DF2010ADC} = {36A6EDBA-FC42-45BC-B764-D4787CC19F2C}
		{A5754D3D-1256-4AF3-838A-F1165FF5F84F} = {959B2801-E786-4F27-A0B2-4C4168016763}
		{9C94C1C8-01AA-49FC-885A-3FAFAC597FC6} = {36A6EDBA-FC42-45BC-B764-D4787CC19F2C}
		{9571E133-1CB4-476A-BFB7-DED315288E86} = {6C64746A-71E4-407C-921D-7B844D5BC1A4}
		{B20497ED-3080-432E-8B55-0D20CDF813F2} = {36A6EDBA-FC42-45BC-B764-D4787CC19F2C}
		{FE55220D-FD87-489B-8D08-6BBA6D8612BA} = {36A6EDBA-FC42-45BC-B764-D4787CC19F2C}
		{659FB7CF-7D9D-4D40-9A7F-2B3C5A0EE4E8} = {CFBEB867-A54A-43AA-8767-746DA2F17B34}
	EndGlobalSection
	GlobalSection(ExtensibilityGlobals) = postSolution
		SolutionGuid = {4F8DC67D-2B58-4057-9CF7-96FC549B41ED}
	EndGlobalSection
EndGlobal
